// !$*UTF8*$!
{
	archiveVersion = 1;
	classes = {
	};
	objectVersion = 50;
	objects = {

/* Begin PBXBuildFile section */
		59691DCE23293B270057FF47 /* AppDelegate.swift in Sources */ = {isa = PBXBuildFile; fileRef = 59691DCD23293B270057FF47 /* AppDelegate.swift */; };
		59691DD023293B270057FF47 /* ViewController.swift in Sources */ = {isa = PBXBuildFile; fileRef = 59691DCF23293B270057FF47 /* ViewController.swift */; };
		59691DD323293B270057FF47 /* Main.storyboard in Resources */ = {isa = PBXBuildFile; fileRef = 59691DD123293B270057FF47 /* Main.storyboard */; };
		59691DD523293B280057FF47 /* Assets.xcassets in Resources */ = {isa = PBXBuildFile; fileRef = 59691DD423293B280057FF47 /* Assets.xcassets */; };
		59691DD823293B280057FF47 /* LaunchScreen.storyboard in Resources */ = {isa = PBXBuildFile; fileRef = 59691DD623293B280057FF47 /* LaunchScreen.storyboard */; };
		59691DE323293B280057FF47 /* DrawGraphTests.swift in Sources */ = {isa = PBXBuildFile; fileRef = 59691DE223293B280057FF47 /* DrawGraphTests.swift */; };
		59691DEE23293B280057FF47 /* DrawGraphUITests.swift in Sources */ = {isa = PBXBuildFile; fileRef = 59691DED23293B280057FF47 /* DrawGraphUITests.swift */; };
/* End PBXBuildFile section */

/* Begin PBXContainerItemProxy section */
		59691DDF23293B280057FF47 /* PBXContainerItemProxy */ = {
			isa = PBXContainerItemProxy;
			containerPortal = 59691DC223293B270057FF47 /* Project object */;
			proxyType = 1;
			remoteGlobalIDString = 59691DC923293B270057FF47;
			remoteInfo = DrawGraph;
		};
		59691DEA23293B280057FF47 /* PBXContainerItemProxy */ = {
			isa = PBXContainerItemProxy;
			containerPortal = 59691DC223293B270057FF47 /* Project object */;
			proxyType = 1;
			remoteGlobalIDString = 59691DC923293B270057FF47;
			remoteInfo = DrawGraph;
		};
/* End PBXContainerItemProxy section */

/* Begin PBXFileReference section */
		59691DCA23293B270057FF47 /* DrawGraph.app */ = {isa = PBXFileReference; explicitFileType = wrapper.application; includeInIndex = 0; path = DrawGraph.app; sourceTree = BUILT_PRODUCTS_DIR; };
		59691DCD23293B270057FF47 /* AppDelegate.swift */ = {isa = PBXFileReference; lastKnownFileType = sourcecode.swift; path = AppDelegate.swift; sourceTree = "<group>"; };
		59691DCF23293B270057FF47 /* ViewController.swift */ = {isa = PBXFileReference; lastKnownFileType = sourcecode.swift; path = ViewController.swift; sourceTree = "<group>"; };
		59691DD223293B270057FF47 /* Base */ = {isa = PBXFileReference; lastKnownFileType = file.storyboard; name = Base; path = Base.lproj/Main.storyboard; sourceTree = "<group>"; };
		59691DD423293B280057FF47 /* Assets.xcassets */ = {isa = PBXFileReference; lastKnownFileType = folder.assetcatalog; path = Assets.xcassets; sourceTree = "<group>"; };
		59691DD723293B280057FF47 /* Base */ = {isa = PBXFileReference; lastKnownFileType = file.storyboard; name = Base; path = Base.lproj/LaunchScreen.storyboard; sourceTree = "<group>"; };
		59691DD923293B280057FF47 /* Info.plist */ = {isa = PBXFileReference; lastKnownFileType = text.plist.xml; path = Info.plist; sourceTree = "<group>"; };
		59691DDE23293B280057FF47 /* DrawGraphTests.xctest */ = {isa = PBXFileReference; explicitFileType = wrapper.cfbundle; includeInIndex = 0; path = DrawGraphTests.xctest; sourceTree = BUILT_PRODUCTS_DIR; };
		59691DE223293B280057FF47 /* DrawGraphTests.swift */ = {isa = PBXFileReference; lastKnownFileType = sourcecode.swift; path = DrawGraphTests.swift; sourceTree = "<group>"; };
		59691DE423293B280057FF47 /* Info.plist */ = {isa = PBXFileReference; lastKnownFileType = text.plist.xml; path = Info.plist; sourceTree = "<group>"; };
		59691DE923293B280057FF47 /* DrawGraphUITests.xctest */ = {isa = PBXFileReference; explicitFileType = wrapper.cfbundle; includeInIndex = 0; path = DrawGraphUITests.xctest; sourceTree = BUILT_PRODUCTS_DIR; };
		59691DED23293B280057FF47 /* DrawGraphUITests.swift */ = {isa = PBXFileReference; lastKnownFileType = sourcecode.swift; path = DrawGraphUITests.swift; sourceTree = "<group>"; };
		59691DEF23293B280057FF47 /* Info.plist */ = {isa = PBXFileReference; lastKnownFileType = text.plist.xml; path = Info.plist; sourceTree = "<group>"; };
/* End PBXFileReference section */

/* Begin PBXFrameworksBuildPhase section */
		59691DC723293B270057FF47 /* Frameworks */ = {
			isa = PBXFrameworksBuildPhase;
			buildActionMask = 2147483647;
			files = (
			);
			runOnlyForDeploymentPostprocessing = 0;
		};
		59691DDB23293B280057FF47 /* Frameworks */ = {
			isa = PBXFrameworksBuildPhase;
			buildActionMask = 2147483647;
			files = (
			);
			runOnlyForDeploymentPostprocessing = 0;
		};
		59691DE623293B280057FF47 /* Frameworks */ = {
			isa = PBXFrameworksBuildPhase;
			buildActionMask = 2147483647;
			files = (
			);
			runOnlyForDeploymentPostprocessing = 0;
		};
/* End PBXFrameworksBuildPhase section */

/* Begin PBXGroup section */
		59691DC123293B270057FF47 = {
			isa = PBXGroup;
			children = (
				59691DCC23293B270057FF47 /* DrawGraph */,
				59691DE123293B280057FF47 /* DrawGraphTests */,
				59691DEC23293B280057FF47 /* DrawGraphUITests */,
				59691DCB23293B270057FF47 /* Products */,
			);
			sourceTree = "<group>";
		};
		59691DCB23293B270057FF47 /* Products */ = {
			isa = PBXGroup;
			children = (
				59691DCA23293B270057FF47 /* DrawGraph.app */,
				59691DDE23293B280057FF47 /* DrawGraphTests.xctest */,
				59691DE923293B280057FF47 /* DrawGraphUITests.xctest */,
			);
			name = Products;
			sourceTree = "<group>";
		};
		59691DCC23293B270057FF47 /* DrawGraph */ = {
			isa = PBXGroup;
			children = (
				59691DCD23293B270057FF47 /* AppDelegate.swift */,
				59691DCF23293B270057FF47 /* ViewController.swift */,
				59691DD123293B270057FF47 /* Main.storyboard */,
				59691DD423293B280057FF47 /* Assets.xcassets */,
				59691DD623293B280057FF47 /* LaunchScreen.storyboard */,
				59691DD923293B280057FF47 /* Info.plist */,
			);
			path = DrawGraph;
			sourceTree = "<group>";
		};
		59691DE123293B280057FF47 /* DrawGraphTests */ = {
			isa = PBXGroup;
			children = (
				59691DE223293B280057FF47 /* DrawGraphTests.swift */,
				59691DE423293B280057FF47 /* Info.plist */,
			);
			path = DrawGraphTests;
			sourceTree = "<group>";
		};
		59691DEC23293B280057FF47 /* DrawGraphUITests */ = {
			isa = PBXGroup;
			children = (
				59691DED23293B280057FF47 /* DrawGraphUITests.swift */,
				59691DEF23293B280057FF47 /* Info.plist */,
			);
			path = DrawGraphUITests;
			sourceTree = "<group>";
		};
/* End PBXGroup section */

/* Begin PBXNativeTarget section */
		59691DC923293B270057FF47 /* DrawGraph */ = {
			isa = PBXNativeTarget;
			buildConfigurationList = 59691DF223293B280057FF47 /* Build configuration list for PBXNativeTarget "DrawGraph" */;
			buildPhases = (
				59691DC623293B270057FF47 /* Sources */,
				59691DC723293B270057FF47 /* Frameworks */,
				59691DC823293B270057FF47 /* Resources */,
			);
			buildRules = (
			);
			dependencies = (
			);
			name = DrawGraph;
			productName = DrawGraph;
			productReference = 59691DCA23293B270057FF47 /* DrawGraph.app */;
			productType = "com.apple.product-type.application";
		};
		59691DDD23293B280057FF47 /* DrawGraphTests */ = {
			isa = PBXNativeTarget;
			buildConfigurationList = 59691DF523293B280057FF47 /* Build configuration list for PBXNativeTarget "DrawGraphTests" */;
			buildPhases = (
				59691DDA23293B280057FF47 /* Sources */,
				59691DDB23293B280057FF47 /* Frameworks */,
				59691DDC23293B280057FF47 /* Resources */,
			);
			buildRules = (
			);
			dependencies = (
				59691DE023293B280057FF47 /* PBXTargetDependency */,
			);
			name = DrawGraphTests;
			productName = DrawGraphTests;
			productReference = 59691DDE23293B280057FF47 /* DrawGraphTests.xctest */;
			productType = "com.apple.product-type.bundle.unit-test";
		};
		59691DE823293B280057FF47 /* DrawGraphUITests */ = {
			isa = PBXNativeTarget;
			buildConfigurationList = 59691DF823293B280057FF47 /* Build configuration list for PBXNativeTarget "DrawGraphUITests" */;
			buildPhases = (
				59691DE523293B280057FF47 /* Sources */,
				59691DE623293B280057FF47 /* Frameworks */,
				59691DE723293B280057FF47 /* Resources */,
			);
			buildRules = (
			);
			dependencies = (
				59691DEB23293B280057FF47 /* PBXTargetDependency */,
			);
			name = DrawGraphUITests;
			productName = DrawGraphUITests;
			productReference = 59691DE923293B280057FF47 /* DrawGraphUITests.xctest */;
			productType = "com.apple.product-type.bundle.ui-testing";
		};
/* End PBXNativeTarget section */

/* Begin PBXProject section */
		59691DC223293B270057FF47 /* Project object */ = {
			isa = PBXProject;
			attributes = {
				LastSwiftUpdateCheck = 1030;
				LastUpgradeCheck = 1030;
				ORGANIZATIONNAME = "Matthew Van Gorden";
				TargetAttributes = {
					59691DC923293B270057FF47 = {
						CreatedOnToolsVersion = 10.3;
					};
					59691DDD23293B280057FF47 = {
						CreatedOnToolsVersion = 10.3;
						TestTargetID = 59691DC923293B270057FF47;
					};
					59691DE823293B280057FF47 = {
						CreatedOnToolsVersion = 10.3;
						TestTargetID = 59691DC923293B270057FF47;
					};
				};
			};
			buildConfigurationList = 59691DC523293B270057FF47 /* Build configuration list for PBXProject "DrawGraph" */;
			compatibilityVersion = "Xcode 9.3";
			developmentRegion = en;
			hasScannedForEncodings = 0;
			knownRegions = (
				en,
				Base,
			);
			mainGroup = 59691DC123293B270057FF47;
			productRefGroup = 59691DCB23293B270057FF47 /* Products */;
			projectDirPath = "";
			projectRoot = "";
			targets = (
				59691DC923293B270057FF47 /* DrawGraph */,
				59691DDD23293B280057FF47 /* DrawGraphTests */,
				59691DE823293B280057FF47 /* DrawGraphUITests */,
			);
		};
/* End PBXProject section */

/* Begin PBXResourcesBuildPhase section */
		59691DC823293B270057FF47 /* Resources */ = {
			isa = PBXResourcesBuildPhase;
			buildActionMask = 2147483647;
			files = (
				59691DD823293B280057FF47 /* LaunchScreen.storyboard in Resources */,
				59691DD523293B280057FF47 /* Assets.xcassets in Resources */,
				59691DD323293B270057FF47 /* Main.storyboard in Resources */,
			);
			runOnlyForDeploymentPostprocessing = 0;
		};
		59691DDC23293B280057FF47 /* Resources */ = {
			isa = PBXResourcesBuildPhase;
			buildActionMask = 2147483647;
			files = (
			);
			runOnlyForDeploymentPostprocessing = 0;
		};
		59691DE723293B280057FF47 /* Resources */ = {
			isa = PBXResourcesBuildPhase;
			buildActionMask = 2147483647;
			files = (
			);
			runOnlyForDeploymentPostprocessing = 0;
		};
/* End PBXResourcesBuildPhase section */

/* Begin PBXSourcesBuildPhase section */
		59691DC623293B270057FF47 /* Sources */ = {
			isa = PBXSourcesBuildPhase;
			buildActionMask = 2147483647;
			files = (
				59691DD023293B270057FF47 /* ViewController.swift in Sources */,
				59691DCE23293B270057FF47 /* AppDelegate.swift in Sources */,
			);
			runOnlyForDeploymentPostprocessing = 0;
		};
		59691DDA23293B280057FF47 /* Sources */ = {
			isa = PBXSourcesBuildPhase;
			buildActionMask = 2147483647;
			files = (
				59691DE323293B280057FF47 /* DrawGraphTests.swift in Sources */,
			);
			runOnlyForDeploymentPostprocessing = 0;
		};
		59691DE523293B280057FF47 /* Sources */ = {
			isa = PBXSourcesBuildPhase;
			buildActionMask = 2147483647;
			files = (
				59691DEE23293B280057FF47 /* DrawGraphUITests.swift in Sources */,
			);
			runOnlyForDeploymentPostprocessing = 0;
		};
/* End PBXSourcesBuildPhase section */

/* Begin PBXTargetDependency section */
		59691DE023293B280057FF47 /* PBXTargetDependency */ = {
			isa = PBXTargetDependency;
			target = 59691DC923293B270057FF47 /* DrawGraph */;
			targetProxy = 59691DDF23293B280057FF47 /* PBXContainerItemProxy */;
		};
		59691DEB23293B280057FF47 /* PBXTargetDependency */ = {
			isa = PBXTargetDependency;
			target = 59691DC923293B270057FF47 /* DrawGraph */;
			targetProxy = 59691DEA23293B280057FF47 /* PBXContainerItemProxy */;
		};
/* End PBXTargetDependency section */

/* Begin PBXVariantGroup section */
		59691DD123293B270057FF47 /* Main.storyboard */ = {
			isa = PBXVariantGroup;
			children = (
				59691DD223293B270057FF47 /* Base */,
			);
			name = Main.storyboard;
			sourceTree = "<group>";
		};
		59691DD623293B280057FF47 /* LaunchScreen.storyboard */ = {
			isa = PBXVariantGroup;
			children = (
				59691DD723293B280057FF47 /* Base */,
			);
			name = LaunchScreen.storyboard;
			sourceTree = "<group>";
		};
/* End PBXVariantGroup section */

/* Begin XCBuildConfiguration section */
		59691DF023293B280057FF47 /* Debug */ = {
			isa = XCBuildConfiguration;
			buildSettings = {
				ALWAYS_SEARCH_USER_PATHS = NO;
				CLANG_ANALYZER_NONNULL = YES;
				CLANG_ANALYZER_NUMBER_OBJECT_CONVERSION = YES_AGGRESSIVE;
				CLANG_CXX_LANGUAGE_STANDARD = "gnu++14";
				CLANG_CXX_LIBRARY = "libc++";
				CLANG_ENABLE_MODULES = YES;
				CLANG_ENABLE_OBJC_ARC = YES;
				CLANG_ENABLE_OBJC_WEAK = YES;
				CLANG_WARN_BLOCK_CAPTURE_AUTORELEASING = YES;
				CLANG_WARN_BOOL_CONVERSION = YES;
				CLANG_WARN_COMMA = YES;
				CLANG_WARN_CONSTANT_CONVERSION = YES;
				CLANG_WARN_DEPRECATED_OBJC_IMPLEMENTATIONS = YES;
				CLANG_WARN_DIRECT_OBJC_ISA_USAGE = YES_ERROR;
				CLANG_WARN_DOCUMENTATION_COMMENTS = YES;
				CLANG_WARN_EMPTY_BODY = YES;
				CLANG_WARN_ENUM_CONVERSION = YES;
				CLANG_WARN_INFINITE_RECURSION = YES;
				CLANG_WARN_INT_CONVERSION = YES;
				CLANG_WARN_NON_LITERAL_NULL_CONVERSION = YES;
				CLANG_WARN_OBJC_IMPLICIT_RETAIN_SELF = YES;
				CLANG_WARN_OBJC_LITERAL_CONVERSION = YES;
				CLANG_WARN_OBJC_ROOT_CLASS = YES_ERROR;
				CLANG_WARN_RANGE_LOOP_ANALYSIS = YES;
				CLANG_WARN_STRICT_PROTOTYPES = YES;
				CLANG_WARN_SUSPICIOUS_MOVE = YES;
				CLANG_WARN_UNGUARDED_AVAILABILITY = YES_AGGRESSIVE;
				CLANG_WARN_UNREACHABLE_CODE = YES;
				CLANG_WARN__DUPLICATE_METHOD_MATCH = YES;
				CODE_SIGN_IDENTITY = "iPhone Developer";
				COPY_PHASE_STRIP = NO;
				DEBUG_INFORMATION_FORMAT = dwarf;
				ENABLE_STRICT_OBJC_MSGSEND = YES;
				ENABLE_TESTABILITY = YES;
				GCC_C_LANGUAGE_STANDARD = gnu11;
				GCC_DYNAMIC_NO_PIC = NO;
				GCC_NO_COMMON_BLOCKS = YES;
				GCC_OPTIMIZATION_LEVEL = 0;
				GCC_PREPROCESSOR_DEFINITIONS = (
					"DEBUG=1",
					"$(inherited)",
				);
				GCC_WARN_64_TO_32_BIT_CONVERSION = YES;
				GCC_WARN_ABOUT_RETURN_TYPE = YES_ERROR;
				GCC_WARN_UNDECLARED_SELECTOR = YES;
				GCC_WARN_UNINITIALIZED_AUTOS = YES_AGGRESSIVE;
				GCC_WARN_UNUSED_FUNCTION = YES;
				GCC_WARN_UNUSED_VARIABLE = YES;
				IPHONEOS_DEPLOYMENT_TARGET = 12.4;
				MTL_ENABLE_DEBUG_INFO = INCLUDE_SOURCE;
				MTL_FAST_MATH = YES;
				ONLY_ACTIVE_ARCH = YES;
				SDKROOT = iphoneos;
				SWIFT_ACTIVE_COMPILATION_CONDITIONS = DEBUG;
				SWIFT_OPTIMIZATION_LEVEL = "-Onone";
			};
			name = Debug;
		};
		59691DF123293B280057FF47 /* Release */ = {
			isa = XCBuildConfiguration;
			buildSettings = {
				ALWAYS_SEARCH_USER_PATHS = NO;
				CLANG_ANALYZER_NONNULL = YES;
				CLANG_ANALYZER_NUMBER_OBJECT_CONVERSION = YES_AGGRESSIVE;
				CLANG_CXX_LANGUAGE_STANDARD = "gnu++14";
				CLANG_CXX_LIBRARY = "libc++";
				CLANG_ENABLE_MODULES = YES;
				CLANG_ENABLE_OBJC_ARC = YES;
				CLANG_ENABLE_OBJC_WEAK = YES;
				CLANG_WARN_BLOCK_CAPTURE_AUTORELEASING = YES;
				CLANG_WARN_BOOL_CONVERSION = YES;
				CLANG_WARN_COMMA = YES;
				CLANG_WARN_CONSTANT_CONVERSION = YES;
				CLANG_WARN_DEPRECATED_OBJC_IMPLEMENTATIONS = YES;
				CLANG_WARN_DIRECT_OBJC_ISA_USAGE = YES_ERROR;
				CLANG_WARN_DOCUMENTATION_COMMENTS = YES;
				CLANG_WARN_EMPTY_BODY = YES;
				CLANG_WARN_ENUM_CONVERSION = YES;
				CLANG_WARN_INFINITE_RECURSION = YES;
				CLANG_WARN_INT_CONVERSION = YES;
				CLANG_WARN_NON_LITERAL_NULL_CONVERSION = YES;
				CLANG_WARN_OBJC_IMPLICIT_RETAIN_SELF = YES;
				CLANG_WARN_OBJC_LITERAL_CONVERSION = YES;
				CLANG_WARN_OBJC_ROOT_CLASS = YES_ERROR;
				CLANG_WARN_RANGE_LOOP_ANALYSIS = YES;
				CLANG_WARN_STRICT_PROTOTYPES = YES;
				CLANG_WARN_SUSPICIOUS_MOVE = YES;
				CLANG_WARN_UNGUARDED_AVAILABILITY = YES_AGGRESSIVE;
				CLANG_WARN_UNREACHABLE_CODE = YES;
				CLANG_WARN__DUPLICATE_METHOD_MATCH = YES;
				CODE_SIGN_IDENTITY = "iPhone Developer";
				COPY_PHASE_STRIP = NO;
				DEBUG_INFORMATION_FORMAT = "dwarf-with-dsym";
				ENABLE_NS_ASSERTIONS = NO;
				ENABLE_STRICT_OBJC_MSGSEND = YES;
				GCC_C_LANGUAGE_STANDARD = gnu11;
				GCC_NO_COMMON_BLOCKS = YES;
				GCC_WARN_64_TO_32_BIT_CONVERSION = YES;
				GCC_WARN_ABOUT_RETURN_TYPE = YES_ERROR;
				GCC_WARN_UNDECLARED_SELECTOR = YES;
				GCC_WARN_UNINITIALIZED_AUTOS = YES_AGGRESSIVE;
				GCC_WARN_UNUSED_FUNCTION = YES;
				GCC_WARN_UNUSED_VARIABLE = YES;
				IPHONEOS_DEPLOYMENT_TARGET = 12.4;
				MTL_ENABLE_DEBUG_INFO = NO;
				MTL_FAST_MATH = YES;
				SDKROOT = iphoneos;
				SWIFT_COMPILATION_MODE = wholemodule;
				SWIFT_OPTIMIZATION_LEVEL = "-O";
				VALIDATE_PRODUCT = YES;
			};
			name = Release;
		};
		59691DF323293B280057FF47 /* Debug */ = {
			isa = XCBuildConfiguration;
			buildSettings = {
				ASSETCATALOG_COMPILER_APPICON_NAME = AppIcon;
				CODE_SIGN_STYLE = Automatic;
				DEVELOPMENT_TEAM = 3J3RT7R5GA;
				INFOPLIST_FILE = DrawGraph/Info.plist;
				LD_RUNPATH_SEARCH_PATHS = (
					"$(inherited)",
					"@executable_path/Frameworks",
				);
				PRODUCT_BUNDLE_IDENTIFIER = mlvangorden.DrawGraph;
				PRODUCT_NAME = "$(TARGET_NAME)";
				SWIFT_VERSION = 5.0;
				TARGETED_DEVICE_FAMILY = "1,2";
			};
			name = Debug;
		};
		59691DF423293B280057FF47 /* Release */ = {
			isa = XCBuildConfiguration;
			buildSettings = {
				ASSETCATALOG_COMPILER_APPICON_NAME = AppIcon;
				CODE_SIGN_STYLE = Automatic;
				DEVELOPMENT_TEAM = 3J3RT7R5GA;
				INFOPLIST_FILE = DrawGraph/Info.plist;
				LD_RUNPATH_SEARCH_PATHS = (
					"$(inherited)",
					"@executable_path/Frameworks",
				);
				PRODUCT_BUNDLE_IDENTIFIER = mlvangorden.DrawGraph;
				PRODUCT_NAME = "$(TARGET_NAME)";
				SWIFT_VERSION = 5.0;
				TARGETED_DEVICE_FAMILY = "1,2";
			};
			name = Release;
		};
		59691DF623293B280057FF47 /* Debug */ = {
			isa = XCBuildConfiguration;
			buildSettings = {
				ALWAYS_EMBED_SWIFT_STANDARD_LIBRARIES = YES;
				BUNDLE_LOADER = "$(TEST_HOST)";
				CODE_SIGN_STYLE = Automatic;
				DEVELOPMENT_TEAM = 3J3RT7R5GA;
				INFOPLIST_FILE = DrawGraphTests/Info.plist;
				LD_RUNPATH_SEARCH_PATHS = (
					"$(inherited)",
					"@executable_path/Frameworks",
					"@loader_path/Frameworks",
				);
				PRODUCT_BUNDLE_IDENTIFIER = mlvangorden.DrawGraphTests;
				PRODUCT_NAME = "$(TARGET_NAME)";
				SWIFT_VERSION = 5.0;
				TARGETED_DEVICE_FAMILY = "1,2";
				TEST_HOST = "$(BUILT_PRODUCTS_DIR)/DrawGraph.app/DrawGraph";
			};
			name = Debug;
		};
		59691DF723293B280057FF47 /* Release */ = {
			isa = XCBuildConfiguration;
			buildSettings = {
				ALWAYS_EMBED_SWIFT_STANDARD_LIBRARIES = YES;
				BUNDLE_LOADER = "$(TEST_HOST)";
				CODE_SIGN_STYLE = Automatic;
				DEVELOPMENT_TEAM = 3J3RT7R5GA;
				INFOPLIST_FILE = DrawGraphTests/Info.plist;
				LD_RUNPATH_SEARCH_PATHS = (
					"$(inherited)",
					"@executable_path/Frameworks",
					"@loader_path/Frameworks",
				);
				PRODUCT_BUNDLE_IDENTIFIER = mlvangorden.DrawGraphTests;
				PRODUCT_NAME = "$(TARGET_NAME)";
				SWIFT_VERSION = 5.0;
				TARGETED_DEVICE_FAMILY = "1,2";
				TEST_HOST = "$(BUILT_PRODUCTS_DIR)/DrawGraph.app/DrawGraph";
			};
			name = Release;
		};
		59691DF923293B280057FF47 /* Debug */ = {
			isa = XCBuildConfiguration;
			buildSettings = {
				ALWAYS_EMBED_SWIFT_STANDARD_LIBRARIES = YES;
				CODE_SIGN_STYLE = Automatic;
				DEVELOPMENT_TEAM = 3J3RT7R5GA;
				INFOPLIST_FILE = DrawGraphUITests/Info.plist;
				LD_RUNPATH_SEARCH_PATHS = (
					"$(inherited)",
					"@executable_path/Frameworks",
					"@loader_path/Frameworks",
				);
				PRODUCT_BUNDLE_IDENTIFIER = mlvangorden.DrawGraphUITests;
				PRODUCT_NAME = "$(TARGET_NAME)";
				SWIFT_VERSION = 5.0;
				TARGETED_DEVICE_FAMILY = "1,2";
				TEST_TARGET_NAME = DrawGraph;
			};
			name = Debug;
		};
		59691DFA23293B280057FF47 /* Release */ = {
			isa = XCBuildConfiguration;
			buildSettings = {
				ALWAYS_EMBED_SWIFT_STANDARD_LIBRARIES = YES;
				CODE_SIGN_STYLE = Automatic;
				DEVELOPMENT_TEAM = 3J3RT7R5GA;
				INFOPLIST_FILE = DrawGraphUITests/Info.plist;
				LD_RUNPATH_SEARCH_PATHS = (
					"$(inherited)",
					"@executable_path/Frameworks",
					"@loader_path/Frameworks",
				);
				PRODUCT_BUNDLE_IDENTIFIER = mlvangorden.DrawGraphUITests;
				PRODUCT_NAME = "$(TARGET_NAME)";
				SWIFT_VERSION = 5.0;
				TARGETED_DEVICE_FAMILY = "1,2";
				TEST_TARGET_NAME = DrawGraph;
			};
			name = Release;
		};
/* End XCBuildConfiguration section */

/* Begin XCConfigurationList section */
		59691DC523293B270057FF47 /* Build configuration list for PBXProject "DrawGraph" */ = {
			isa = XCConfigurationList;
			buildConfigurations = (
				59691DF023293B280057FF47 /* Debug */,
				59691DF123293B280057FF47 /* Release */,
			);
			defaultConfigurationIsVisible = 0;
			defaultConfigurationName = Release;
		};
		59691DF223293B280057FF47 /* Build configuration list for PBXNativeTarget "DrawGraph" */ = {
			isa = XCConfigurationList;
			buildConfigurations = (
				59691DF323293B280057FF47 /* Debug */,
				59691DF423293B280057FF47 /* Release */,
			);
			defaultConfigurationIsVisible = 0;
			defaultConfigurationName = Release;
		};
		59691DF523293B280057FF47 /* Build configuration list for PBXNativeTarget "DrawGraphTests" */ = {
			isa = XCConfigurationList;
			buildConfigurations = (
				59691DF623293B280057FF47 /* Debug */,
				59691DF723293B280057FF47 /* Release */,
			);
			defaultConfigurationIsVisible = 0;
			defaultConfigurationName = Release;
		};
		59691DF823293B280057FF47 /* Build configuration list for PBXNativeTarget "DrawGraphUITests" */ = {
			isa = XCConfigurationList;
			buildConfigurations = (
				59691DF923293B280057FF47 /* Debug */,
				59691DFA23293B280057FF47 /* Release */,
			);
			defaultConfigurationIsVisible = 0;
			defaultConfigurationName = Release;
		};
/* End XCConfigurationList section */
	};
	rootObject = 59691DC223293B270057FF47 /* Project object */;
}
